
Microsoft Visual Studio Solution File, Format Version 12.00
# Visual Studio Version 16
VisualStudioVersion = 16.0.30011.22
MinimumVisualStudioVersion = 10.0.40219.1
Project("{2150E333-8FDC-42A3-9474-1A3956D46DE8}") = "alg-01-osnove", "alg-01-osnove", "{CA705909-8E34-4BCE-BFFE-0F5F30435F45}"
EndProject
Project("{9A19103F-16F7-4668-BE54-9A1E7A4F7556}") = "Prvi", "Prvi\Prvi.csproj", "{63658B73-8B23-40AA-BA5C-71CD6A0BDBBA}"
EndProject
Project("{9A19103F-16F7-4668-BE54-9A1E7A4F7556}") = "drugi", "drugi\drugi.csproj", "{D70EF1EF-BDE8-4FBF-B4BE-380B6784CFE7}"
EndProject
Project("{2150E333-8FDC-42A3-9474-1A3956D46DE8}") = "pmrvic", "pmrvic", "{34A522ED-66E3-4540-A851-96AFDCD2B6FC}"
	ProjectSection(SolutionItems) = preProject
		ZADACA za 16.12.2020.txt = ZADACA za 16.12.2020.txt
	EndProjectSection
EndProject
Project("{9A19103F-16F7-4668-BE54-9A1E7A4F7556}") = "Zbroj", "Zbroj\Zbroj.csproj", "{88550BF1-33CC-4AF0-AB45-E3D7F067A08E}"
EndProject
Project("{9A19103F-16F7-4668-BE54-9A1E7A4F7556}") = "01_increment_operator", "01_increment_operator\01_increment_operator.csproj", "{499078D0-6DDA-4F76-A2EF-877DC5545954}"
EndProject
Project("{9A19103F-16F7-4668-BE54-9A1E7A4F7556}") = "01_varijable", "01_varijable\01_varijable.csproj", "{7A42368D-F311-4C3B-B537-A8034C8495B9}"
EndProject
Project("{9A19103F-16F7-4668-BE54-9A1E7A4F7556}") = "01_unos_broja", "01_unos_broja\01_unos_broja.csproj", "{2439C09C-2CAF-4EF4-8E1F-AEAED5BBB5BD}"
EndProject
Project("{9A19103F-16F7-4668-BE54-9A1E7A4F7556}") = "01_operatori", "01_operatori\01_operatori.csproj", "{05804718-F6D7-4016-AA28-6F585F0208C3}"
EndProject
Project("{9A19103F-16F7-4668-BE54-9A1E7A4F7556}") = "01_domaci_zadatak", "01_domaci_zadatak\01_domaci_zadatak.csproj", "{288C5C8B-90C0-44A0-B92F-DA5CA0FA8A7B}"
EndProject
Project("{9A19103F-16F7-4668-BE54-9A1E7A4F7556}") = "01_umnozak_kvocijent", "01_umnozak_kvocijent\01_umnozak_kvocijent.csproj", "{DD3619E7-0F63-47E9-9925-890360073ECD}"
EndProject
Project("{9A19103F-16F7-4668-BE54-9A1E7A4F7556}") = "01_If_prosireni", "01_If_prosireni\01_If_prosireni.csproj", "{92CFFFEA-AE6E-446B-A21D-4AAAC2216408}"
EndProject
Project("{9A19103F-16F7-4668-BE54-9A1E7A4F7556}") = "01_If_prosireni_2", "01_If_prosireni_2\01_If_prosireni_2.csproj", "{6A5BB070-9FFA-40E5-8875-2A4370D868D8}"
EndProject
Project("{9A19103F-16F7-4668-BE54-9A1E7A4F7556}") = "01_unos_brojeva _exception", "01_unos_brojeva _exception\01_unos_brojeva _exception.csproj", "{A8195DBD-9945-4719-AB7C-C546C356718D}"
EndProject
Project("{2150E333-8FDC-42A3-9474-1A3956D46DE8}") = "alg-05-petlje-i-grananja", "alg-05-petlje-i-grananja", "{9359C465-20BF-4652-BC96-08D5B26CCA7E}"
EndProject
Project("{9A19103F-16F7-4668-BE54-9A1E7A4F7556}") = "05_switch", "05_switch\05_switch.csproj", "{72AF3DEA-4502-4550-98BC-5A9D0EF8F113}"
EndProject
Project("{9A19103F-16F7-4668-BE54-9A1E7A4F7556}") = "05_broj_interval", "05_broj_interval\05_broj_interval.csproj", "{EF1C89A5-B508-481B-ACD3-CD8DEAC6C72B}"
EndProject
Project("{9A19103F-16F7-4668-BE54-9A1E7A4F7556}") = "05_djeljiv_3_7", "05_djeljiv_3_7\05_djeljiv_3_7.csproj", "{39DC1899-B4CD-4D87-A0FF-14C288B8F28C}"
EndProject
Project("{9A19103F-16F7-4668-BE54-9A1E7A4F7556}") = "05_par_nepoar_bimbam", "05_par_nepoar_bimbam\05_par_nepoar_bimbam.csproj", "{A193FD3B-9958-4497-A59C-7424A5E10A18}"
EndProject
Project("{9A19103F-16F7-4668-BE54-9A1E7A4F7556}") = "05_logicki_operatori", "05_logicki_operatori\05_logicki_operatori.csproj", "{3BC5CD02-1248-482D-A0D4-D3E80A9375A0}"
EndProject
Project("{9A19103F-16F7-4668-BE54-9A1E7A4F7556}") = "05_logicki_OR", "05_logicki_OR\05_logicki_OR.csproj", "{37EF21E0-8BF6-4C26-B6FA-03F9B774B593}"
EndProject
Project("{9A19103F-16F7-4668-BE54-9A1E7A4F7556}") = "05_logicki_NOT", "05_logicki_NOT\05_logicki_NOT.csproj", "{5EEEA0E7-98A1-4611-834D-E163C4C11FB6}"
EndProject
Project("{9A19103F-16F7-4668-BE54-9A1E7A4F7556}") = "05__03_01_for_petlja", "05__03_01_for_petlja\05__03_01_for_petlja.csproj", "{07CEC827-9BE6-44EE-99F3-1F0C2FCC76C6}"
EndProject
Project("{9A19103F-16F7-4668-BE54-9A1E7A4F7556}") = "05_03_tablica_mnozenja", "05_03_tablica_mnozenja\05_03_tablica_mnozenja.csproj", "{5A06511F-8E10-4963-ADC5-AC5C463B11DF}"
EndProject
Project("{9A19103F-16F7-4668-BE54-9A1E7A4F7556}") = "05_03_djelvo_73", "05_03_djelvo_73\05_03_djelvo_73.csproj", "{3D529B7A-7C19-45E9-9291-8C2977E90BEB}"
EndProject
Project("{9A19103F-16F7-4668-BE54-9A1E7A4F7556}") = "05_03_svi_djeljitelji", "05_03_svi_djeljitelji\05_03_svi_djeljitelji.csproj", "{A7FABA30-9838-48D0-A3E8-AA2A0792B7C2}"
EndProject
Project("{9A19103F-16F7-4668-BE54-9A1E7A4F7556}") = "05_03_svi_savrse_1000", "05_03_svi_savrse_1000\05_03_svi_savrse_1000.csproj", "{D25CA909-63B2-450A-919D-F32652267CC1}"
EndProject
Project("{9A19103F-16F7-4668-BE54-9A1E7A4F7556}") = "05_03_while_beskonac", "05_03_while_beskonac\05_03_while_beskonac.csproj", "{082E194D-779F-4D28-8DFF-39EF1A90DEE2}"
EndProject
Project("{9A19103F-16F7-4668-BE54-9A1E7A4F7556}") = "05_03_suma_prosjek", "05_03_suma_prosjek\05_03_suma_prosjek.csproj", "{3A833510-813B-4AFB-81A7-172D0A086EF9}"
EndProject
Project("{9A19103F-16F7-4668-BE54-9A1E7A4F7556}") = "05_03_13_min_max", "05_03_13_min_max\05_03_13_min_max.csproj", "{9B4640A0-70A7-4BC7-B689-5E3D0EBFC3E2}"
EndProject
Project("{9A19103F-16F7-4668-BE54-9A1E7A4F7556}") = "05_03_potencije_dva do_1000", "05_03_potencije_dva do_1000\05_03_potencije_dva do_1000.csproj", "{0814D245-A491-43BE-A31B-A78E6A36F23E}"
EndProject
Project("{9A19103F-16F7-4668-BE54-9A1E7A4F7556}") = "05_03_par_nepar", "05_03_par_nepar\05_03_par_nepar.csproj", "{77BD607A-C474-416B-8BCB-0053CB62EAE9}"
EndProject
Project("{9A19103F-16F7-4668-BE54-9A1E7A4F7556}") = "05_03_unos_ocjena", "05_03_unos_ocjena\05_03_unos_ocjena.csproj", "{411C97E7-D900-498D-97D2-A2860F8D6D1D}"
EndProject
Project("{2150E333-8FDC-42A3-9474-1A3956D46DE8}") = "alg-06-Nizovi", "alg-06-Nizovi", "{3FB39A07-39C5-4210-88EA-523DE7E20335}"
EndProject
Project("{9A19103F-16F7-4668-BE54-9A1E7A4F7556}") = "06_nizovi", "06_nizovi\06_nizovi.csproj", "{30C6451C-CE9E-4CEA-9B06-FEC74986EF4E}"
EndProject
Project("{9A19103F-16F7-4668-BE54-9A1E7A4F7556}") = "06_niz_max", "06_niz_max\06_niz_max.csproj", "{8232BA2C-E30D-4B53-8B25-40D351373344}"
EndProject
Project("{9A19103F-16F7-4668-BE54-9A1E7A4F7556}") = "06_niz_zamjena", "06_niz_zamjena\06_niz_zamjena.csproj", "{F2378806-91FB-4CD2-9E6E-BC35BD8BCBD0}"
EndProject
Project("{9A19103F-16F7-4668-BE54-9A1E7A4F7556}") = "06_02_01_arraylist", "06_02_01_arraylist\06_02_01_arraylist.csproj", "{9EE64ADE-09A0-42A1-ACC9-1C970AE35D82}"
EndProject
Project("{9A19103F-16F7-4668-BE54-9A1E7A4F7556}") = "06_02_List", "06_02_List\06_02_List.csproj", "{AAC9EA1D-EF41-4334-84C2-CC2661B0F1A9}"
EndProject
Project("{9A19103F-16F7-4668-BE54-9A1E7A4F7556}") = "06_02_genericke_liste", "06_02_genericke_liste\06_02_genericke_liste.csproj", "{857949A5-40B4-48F2-AB86-E81911F828D5}"
EndProject
Project("{9A19103F-16F7-4668-BE54-9A1E7A4F7556}") = "06_02_01_znamenke_lista", "06_02_01_znamenke_lista\06_02_01_znamenke_lista.csproj", "{24D3CAC9-130D-4F06-82BD-DFD0E577B00E}"
EndProject
Project("{2150E333-8FDC-42A3-9474-1A3956D46DE8}") = "alg-07-funkcije", "alg-07-funkcije", "{6A5DFD1D-5E95-4C9C-92EC-4143877DF015}"
EndProject
Project("{9A19103F-16F7-4668-BE54-9A1E7A4F7556}") = "07_potprogram", "07_potprogram\07_potprogram.csproj", "{B39B88A6-A5CD-4A84-8756-4F53E17F1432}"
EndProject
Project("{9A19103F-16F7-4668-BE54-9A1E7A4F7556}") = "07_kvadrat", "07_kvadrat\07_kvadrat.csproj", "{B5799F9E-220D-472E-824F-38119CD9283B}"
EndProject
Project("{9A19103F-16F7-4668-BE54-9A1E7A4F7556}") = "07_primjermetoda", "07_primjermetoda\07_primjermetoda.csproj", "{0CA13F4A-6B52-4197-BD2D-EBB3AB9104E4}"
EndProject
Project("{9A19103F-16F7-4668-BE54-9A1E7A4F7556}") = "07_02_Krug", "07_02_Krug\07_02_Krug.csproj", "{1A6AAFF1-49A1-4DAC-AF34-3A434B8CB986}"
EndProject
Project("{2150E333-8FDC-42A3-9474-1A3956D46DE8}") = "alg-08-Objekti", "alg-08-Objekti", "{43077E4A-F78E-44F5-AA9E-BC595E482E59}"
EndProject
Project("{9A19103F-16F7-4668-BE54-9A1E7A4F7556}") = "08_01_Objekti", "08_01_Objekti\08_01_Objekti.csproj", "{6D439DB1-4737-44FF-9D33-C993DD042129}"
EndProject
Project("{9A19103F-16F7-4668-BE54-9A1E7A4F7556}") = "08_02_osoba", "08_02_osoba\08_02_osoba.csproj", "{C4AC0E0A-A2D7-49AE-8630-80D598E0B6EB}"
EndProject
Project("{9A19103F-16F7-4668-BE54-9A1E7A4F7556}") = "08_03_employee_liste", "08_03_employee_liste\08_03_employee_liste.csproj", "{C0C84E40-9B88-418F-87EB-5BE824276E2F}"
EndProject
Project("{FAE04EC0-301F-11D3-BF4B-00C04F79EFBC}") = "08_04_Staticka", "08_04_Staticka\08_04_Staticka.csproj", "{BAF65FB1-1589-43BE-90A0-EAE29E48FE42}"
EndProject
Project("{FAE04EC0-301F-11D3-BF4B-00C04F79EFBC}") = "08_02_02_reference", "08_02_02_reference\08_02_02_reference.csproj", "{BACD8A3D-BBAB-411C-BA9C-C58D428F8784}"
EndProject
Project("{FAE04EC0-301F-11D3-BF4B-00C04F79EFBC}") = "08_02_out", "08_02_out\08_02_out.csproj", "{EDB73A2A-0F2F-420F-AF94-F72FA83C2005}"
EndProject
Global
	GlobalSection(SolutionConfigurationPlatforms) = preSolution
		Debug|Any CPU = Debug|Any CPU
		Release|Any CPU = Release|Any CPU
	EndGlobalSection
	GlobalSection(ProjectConfigurationPlatforms) = postSolution
		{63658B73-8B23-40AA-BA5C-71CD6A0BDBBA}.Debug|Any CPU.ActiveCfg = Debug|Any CPU
		{63658B73-8B23-40AA-BA5C-71CD6A0BDBBA}.Debug|Any CPU.Build.0 = Debug|Any CPU
		{63658B73-8B23-40AA-BA5C-71CD6A0BDBBA}.Release|Any CPU.ActiveCfg = Release|Any CPU
		{63658B73-8B23-40AA-BA5C-71CD6A0BDBBA}.Release|Any CPU.Build.0 = Release|Any CPU
		{D70EF1EF-BDE8-4FBF-B4BE-380B6784CFE7}.Debug|Any CPU.ActiveCfg = Debug|Any CPU
		{D70EF1EF-BDE8-4FBF-B4BE-380B6784CFE7}.Debug|Any CPU.Build.0 = Debug|Any CPU
		{D70EF1EF-BDE8-4FBF-B4BE-380B6784CFE7}.Release|Any CPU.ActiveCfg = Release|Any CPU
		{D70EF1EF-BDE8-4FBF-B4BE-380B6784CFE7}.Release|Any CPU.Build.0 = Release|Any CPU
		{88550BF1-33CC-4AF0-AB45-E3D7F067A08E}.Debug|Any CPU.ActiveCfg = Debug|Any CPU
		{88550BF1-33CC-4AF0-AB45-E3D7F067A08E}.Debug|Any CPU.Build.0 = Debug|Any CPU
		{88550BF1-33CC-4AF0-AB45-E3D7F067A08E}.Release|Any CPU.ActiveCfg = Release|Any CPU
		{88550BF1-33CC-4AF0-AB45-E3D7F067A08E}.Release|Any CPU.Build.0 = Release|Any CPU
		{499078D0-6DDA-4F76-A2EF-877DC5545954}.Debug|Any CPU.ActiveCfg = Debug|Any CPU
		{499078D0-6DDA-4F76-A2EF-877DC5545954}.Debug|Any CPU.Build.0 = Debug|Any CPU
		{499078D0-6DDA-4F76-A2EF-877DC5545954}.Release|Any CPU.ActiveCfg = Release|Any CPU
		{499078D0-6DDA-4F76-A2EF-877DC5545954}.Release|Any CPU.Build.0 = Release|Any CPU
		{7A42368D-F311-4C3B-B537-A8034C8495B9}.Debug|Any CPU.ActiveCfg = Debug|Any CPU
		{7A42368D-F311-4C3B-B537-A8034C8495B9}.Debug|Any CPU.Build.0 = Debug|Any CPU
		{7A42368D-F311-4C3B-B537-A8034C8495B9}.Release|Any CPU.ActiveCfg = Release|Any CPU
		{7A42368D-F311-4C3B-B537-A8034C8495B9}.Release|Any CPU.Build.0 = Release|Any CPU
		{2439C09C-2CAF-4EF4-8E1F-AEAED5BBB5BD}.Debug|Any CPU.ActiveCfg = Debug|Any CPU
		{2439C09C-2CAF-4EF4-8E1F-AEAED5BBB5BD}.Debug|Any CPU.Build.0 = Debug|Any CPU
		{2439C09C-2CAF-4EF4-8E1F-AEAED5BBB5BD}.Release|Any CPU.ActiveCfg = Release|Any CPU
		{2439C09C-2CAF-4EF4-8E1F-AEAED5BBB5BD}.Release|Any CPU.Build.0 = Release|Any CPU
		{05804718-F6D7-4016-AA28-6F585F0208C3}.Debug|Any CPU.ActiveCfg = Debug|Any CPU
		{05804718-F6D7-4016-AA28-6F585F0208C3}.Debug|Any CPU.Build.0 = Debug|Any CPU
		{05804718-F6D7-4016-AA28-6F585F0208C3}.Release|Any CPU.ActiveCfg = Release|Any CPU
		{05804718-F6D7-4016-AA28-6F585F0208C3}.Release|Any CPU.Build.0 = Release|Any CPU
		{288C5C8B-90C0-44A0-B92F-DA5CA0FA8A7B}.Debug|Any CPU.ActiveCfg = Debug|Any CPU
		{288C5C8B-90C0-44A0-B92F-DA5CA0FA8A7B}.Debug|Any CPU.Build.0 = Debug|Any CPU
		{288C5C8B-90C0-44A0-B92F-DA5CA0FA8A7B}.Release|Any CPU.ActiveCfg = Release|Any CPU
		{288C5C8B-90C0-44A0-B92F-DA5CA0FA8A7B}.Release|Any CPU.Build.0 = Release|Any CPU
		{DD3619E7-0F63-47E9-9925-890360073ECD}.Debug|Any CPU.ActiveCfg = Debug|Any CPU
		{DD3619E7-0F63-47E9-9925-890360073ECD}.Debug|Any CPU.Build.0 = Debug|Any CPU
		{DD3619E7-0F63-47E9-9925-890360073ECD}.Release|Any CPU.ActiveCfg = Release|Any CPU
		{DD3619E7-0F63-47E9-9925-890360073ECD}.Release|Any CPU.Build.0 = Release|Any CPU
		{92CFFFEA-AE6E-446B-A21D-4AAAC2216408}.Debug|Any CPU.ActiveCfg = Debug|Any CPU
		{92CFFFEA-AE6E-446B-A21D-4AAAC2216408}.Debug|Any CPU.Build.0 = Debug|Any CPU
		{92CFFFEA-AE6E-446B-A21D-4AAAC2216408}.Release|Any CPU.ActiveCfg = Release|Any CPU
		{92CFFFEA-AE6E-446B-A21D-4AAAC2216408}.Release|Any CPU.Build.0 = Release|Any CPU
		{6A5BB070-9FFA-40E5-8875-2A4370D868D8}.Debug|Any CPU.ActiveCfg = Debug|Any CPU
		{6A5BB070-9FFA-40E5-8875-2A4370D868D8}.Debug|Any CPU.Build.0 = Debug|Any CPU
		{6A5BB070-9FFA-40E5-8875-2A4370D868D8}.Release|Any CPU.ActiveCfg = Release|Any CPU
		{6A5BB070-9FFA-40E5-8875-2A4370D868D8}.Release|Any CPU.Build.0 = Release|Any CPU
		{A8195DBD-9945-4719-AB7C-C546C356718D}.Debug|Any CPU.ActiveCfg = Debug|Any CPU
		{A8195DBD-9945-4719-AB7C-C546C356718D}.Debug|Any CPU.Build.0 = Debug|Any CPU
		{A8195DBD-9945-4719-AB7C-C546C356718D}.Release|Any CPU.ActiveCfg = Release|Any CPU
		{A8195DBD-9945-4719-AB7C-C546C356718D}.Release|Any CPU.Build.0 = Release|Any CPU
		{72AF3DEA-4502-4550-98BC-5A9D0EF8F113}.Debug|Any CPU.ActiveCfg = Debug|Any CPU
		{72AF3DEA-4502-4550-98BC-5A9D0EF8F113}.Debug|Any CPU.Build.0 = Debug|Any CPU
		{72AF3DEA-4502-4550-98BC-5A9D0EF8F113}.Release|Any CPU.ActiveCfg = Release|Any CPU
		{72AF3DEA-4502-4550-98BC-5A9D0EF8F113}.Release|Any CPU.Build.0 = Release|Any CPU
		{EF1C89A5-B508-481B-ACD3-CD8DEAC6C72B}.Debug|Any CPU.ActiveCfg = Debug|Any CPU
		{EF1C89A5-B508-481B-ACD3-CD8DEAC6C72B}.Debug|Any CPU.Build.0 = Debug|Any CPU
		{EF1C89A5-B508-481B-ACD3-CD8DEAC6C72B}.Release|Any CPU.ActiveCfg = Release|Any CPU
		{EF1C89A5-B508-481B-ACD3-CD8DEAC6C72B}.Release|Any CPU.Build.0 = Release|Any CPU
		{39DC1899-B4CD-4D87-A0FF-14C288B8F28C}.Debug|Any CPU.ActiveCfg = Debug|Any CPU
		{39DC1899-B4CD-4D87-A0FF-14C288B8F28C}.Debug|Any CPU.Build.0 = Debug|Any CPU
		{39DC1899-B4CD-4D87-A0FF-14C288B8F28C}.Release|Any CPU.ActiveCfg = Release|Any CPU
		{39DC1899-B4CD-4D87-A0FF-14C288B8F28C}.Release|Any CPU.Build.0 = Release|Any CPU
		{A193FD3B-9958-4497-A59C-7424A5E10A18}.Debug|Any CPU.ActiveCfg = Debug|Any CPU
		{A193FD3B-9958-4497-A59C-7424A5E10A18}.Debug|Any CPU.Build.0 = Debug|Any CPU
		{A193FD3B-9958-4497-A59C-7424A5E10A18}.Release|Any CPU.ActiveCfg = Release|Any CPU
		{A193FD3B-9958-4497-A59C-7424A5E10A18}.Release|Any CPU.Build.0 = Release|Any CPU
		{3BC5CD02-1248-482D-A0D4-D3E80A9375A0}.Debug|Any CPU.ActiveCfg = Debug|Any CPU
		{3BC5CD02-1248-482D-A0D4-D3E80A9375A0}.Debug|Any CPU.Build.0 = Debug|Any CPU
		{3BC5CD02-1248-482D-A0D4-D3E80A9375A0}.Release|Any CPU.ActiveCfg = Release|Any CPU
		{3BC5CD02-1248-482D-A0D4-D3E80A9375A0}.Release|Any CPU.Build.0 = Release|Any CPU
		{37EF21E0-8BF6-4C26-B6FA-03F9B774B593}.Debug|Any CPU.ActiveCfg = Debug|Any CPU
		{37EF21E0-8BF6-4C26-B6FA-03F9B774B593}.Debug|Any CPU.Build.0 = Debug|Any CPU
		{37EF21E0-8BF6-4C26-B6FA-03F9B774B593}.Release|Any CPU.ActiveCfg = Release|Any CPU
		{37EF21E0-8BF6-4C26-B6FA-03F9B774B593}.Release|Any CPU.Build.0 = Release|Any CPU
		{5EEEA0E7-98A1-4611-834D-E163C4C11FB6}.Debug|Any CPU.ActiveCfg = Debug|Any CPU
		{5EEEA0E7-98A1-4611-834D-E163C4C11FB6}.Debug|Any CPU.Build.0 = Debug|Any CPU
		{5EEEA0E7-98A1-4611-834D-E163C4C11FB6}.Release|Any CPU.ActiveCfg = Release|Any CPU
		{5EEEA0E7-98A1-4611-834D-E163C4C11FB6}.Release|Any CPU.Build.0 = Release|Any CPU
		{07CEC827-9BE6-44EE-99F3-1F0C2FCC76C6}.Debug|Any CPU.ActiveCfg = Debug|Any CPU
		{07CEC827-9BE6-44EE-99F3-1F0C2FCC76C6}.Debug|Any CPU.Build.0 = Debug|Any CPU
		{07CEC827-9BE6-44EE-99F3-1F0C2FCC76C6}.Release|Any CPU.ActiveCfg = Release|Any CPU
		{07CEC827-9BE6-44EE-99F3-1F0C2FCC76C6}.Release|Any CPU.Build.0 = Release|Any CPU
		{5A06511F-8E10-4963-ADC5-AC5C463B11DF}.Debug|Any CPU.ActiveCfg = Debug|Any CPU
		{5A06511F-8E10-4963-ADC5-AC5C463B11DF}.Debug|Any CPU.Build.0 = Debug|Any CPU
		{5A06511F-8E10-4963-ADC5-AC5C463B11DF}.Release|Any CPU.ActiveCfg = Release|Any CPU
		{5A06511F-8E10-4963-ADC5-AC5C463B11DF}.Release|Any CPU.Build.0 = Release|Any CPU
		{3D529B7A-7C19-45E9-9291-8C2977E90BEB}.Debug|Any CPU.ActiveCfg = Debug|Any CPU
		{3D529B7A-7C19-45E9-9291-8C2977E90BEB}.Debug|Any CPU.Build.0 = Debug|Any CPU
		{3D529B7A-7C19-45E9-9291-8C2977E90BEB}.Release|Any CPU.ActiveCfg = Release|Any CPU
		{3D529B7A-7C19-45E9-9291-8C2977E90BEB}.Release|Any CPU.Build.0 = Release|Any CPU
		{A7FABA30-9838-48D0-A3E8-AA2A0792B7C2}.Debug|Any CPU.ActiveCfg = Debug|Any CPU
		{A7FABA30-9838-48D0-A3E8-AA2A0792B7C2}.Debug|Any CPU.Build.0 = Debug|Any CPU
		{A7FABA30-9838-48D0-A3E8-AA2A0792B7C2}.Release|Any CPU.ActiveCfg = Release|Any CPU
		{A7FABA30-9838-48D0-A3E8-AA2A0792B7C2}.Release|Any CPU.Build.0 = Release|Any CPU
		{D25CA909-63B2-450A-919D-F32652267CC1}.Debug|Any CPU.ActiveCfg = Debug|Any CPU
		{D25CA909-63B2-450A-919D-F32652267CC1}.Debug|Any CPU.Build.0 = Debug|Any CPU
		{D25CA909-63B2-450A-919D-F32652267CC1}.Release|Any CPU.ActiveCfg = Release|Any CPU
		{D25CA909-63B2-450A-919D-F32652267CC1}.Release|Any CPU.Build.0 = Release|Any CPU
		{082E194D-779F-4D28-8DFF-39EF1A90DEE2}.Debug|Any CPU.ActiveCfg = Debug|Any CPU
		{082E194D-779F-4D28-8DFF-39EF1A90DEE2}.Debug|Any CPU.Build.0 = Debug|Any CPU
		{082E194D-779F-4D28-8DFF-39EF1A90DEE2}.Release|Any CPU.ActiveCfg = Release|Any CPU
		{082E194D-779F-4D28-8DFF-39EF1A90DEE2}.Release|Any CPU.Build.0 = Release|Any CPU
		{3A833510-813B-4AFB-81A7-172D0A086EF9}.Debug|Any CPU.ActiveCfg = Debug|Any CPU
		{3A833510-813B-4AFB-81A7-172D0A086EF9}.Debug|Any CPU.Build.0 = Debug|Any CPU
		{3A833510-813B-4AFB-81A7-172D0A086EF9}.Release|Any CPU.ActiveCfg = Release|Any CPU
		{3A833510-813B-4AFB-81A7-172D0A086EF9}.Release|Any CPU.Build.0 = Release|Any CPU
		{9B4640A0-70A7-4BC7-B689-5E3D0EBFC3E2}.Debug|Any CPU.ActiveCfg = Debug|Any CPU
		{9B4640A0-70A7-4BC7-B689-5E3D0EBFC3E2}.Debug|Any CPU.Build.0 = Debug|Any CPU
		{9B4640A0-70A7-4BC7-B689-5E3D0EBFC3E2}.Release|Any CPU.ActiveCfg = Release|Any CPU
		{9B4640A0-70A7-4BC7-B689-5E3D0EBFC3E2}.Release|Any CPU.Build.0 = Release|Any CPU
		{0814D245-A491-43BE-A31B-A78E6A36F23E}.Debug|Any CPU.ActiveCfg = Debug|Any CPU
		{0814D245-A491-43BE-A31B-A78E6A36F23E}.Debug|Any CPU.Build.0 = Debug|Any CPU
		{0814D245-A491-43BE-A31B-A78E6A36F23E}.Release|Any CPU.ActiveCfg = Release|Any CPU
		{0814D245-A491-43BE-A31B-A78E6A36F23E}.Release|Any CPU.Build.0 = Release|Any CPU
		{77BD607A-C474-416B-8BCB-0053CB62EAE9}.Debug|Any CPU.ActiveCfg = Debug|Any CPU
		{77BD607A-C474-416B-8BCB-0053CB62EAE9}.Debug|Any CPU.Build.0 = Debug|Any CPU
		{77BD607A-C474-416B-8BCB-0053CB62EAE9}.Release|Any CPU.ActiveCfg = Release|Any CPU
		{77BD607A-C474-416B-8BCB-0053CB62EAE9}.Release|Any CPU.Build.0 = Release|Any CPU
		{411C97E7-D900-498D-97D2-A2860F8D6D1D}.Debug|Any CPU.ActiveCfg = Debug|Any CPU
		{411C97E7-D900-498D-97D2-A2860F8D6D1D}.Debug|Any CPU.Build.0 = Debug|Any CPU
		{411C97E7-D900-498D-97D2-A2860F8D6D1D}.Release|Any CPU.ActiveCfg = Release|Any CPU
		{411C97E7-D900-498D-97D2-A2860F8D6D1D}.Release|Any CPU.Build.0 = Release|Any CPU
		{30C6451C-CE9E-4CEA-9B06-FEC74986EF4E}.Debug|Any CPU.ActiveCfg = Debug|Any CPU
		{30C6451C-CE9E-4CEA-9B06-FEC74986EF4E}.Debug|Any CPU.Build.0 = Debug|Any CPU
		{30C6451C-CE9E-4CEA-9B06-FEC74986EF4E}.Release|Any CPU.ActiveCfg = Release|Any CPU
		{30C6451C-CE9E-4CEA-9B06-FEC74986EF4E}.Release|Any CPU.Build.0 = Release|Any CPU
		{8232BA2C-E30D-4B53-8B25-40D351373344}.Debug|Any CPU.ActiveCfg = Debug|Any CPU
		{8232BA2C-E30D-4B53-8B25-40D351373344}.Debug|Any CPU.Build.0 = Debug|Any CPU
		{8232BA2C-E30D-4B53-8B25-40D351373344}.Release|Any CPU.ActiveCfg = Release|Any CPU
		{8232BA2C-E30D-4B53-8B25-40D351373344}.Release|Any CPU.Build.0 = Release|Any CPU
		{F2378806-91FB-4CD2-9E6E-BC35BD8BCBD0}.Debug|Any CPU.ActiveCfg = Debug|Any CPU
		{F2378806-91FB-4CD2-9E6E-BC35BD8BCBD0}.Debug|Any CPU.Build.0 = Debug|Any CPU
		{F2378806-91FB-4CD2-9E6E-BC35BD8BCBD0}.Release|Any CPU.ActiveCfg = Release|Any CPU
		{F2378806-91FB-4CD2-9E6E-BC35BD8BCBD0}.Release|Any CPU.Build.0 = Release|Any CPU
		{9EE64ADE-09A0-42A1-ACC9-1C970AE35D82}.Debug|Any CPU.ActiveCfg = Debug|Any CPU
		{9EE64ADE-09A0-42A1-ACC9-1C970AE35D82}.Debug|Any CPU.Build.0 = Debug|Any CPU
		{9EE64ADE-09A0-42A1-ACC9-1C970AE35D82}.Release|Any CPU.ActiveCfg = Release|Any CPU
		{9EE64ADE-09A0-42A1-ACC9-1C970AE35D82}.Release|Any CPU.Build.0 = Release|Any CPU
		{AAC9EA1D-EF41-4334-84C2-CC2661B0F1A9}.Debug|Any CPU.ActiveCfg = Debug|Any CPU
		{AAC9EA1D-EF41-4334-84C2-CC2661B0F1A9}.Debug|Any CPU.Build.0 = Debug|Any CPU
		{AAC9EA1D-EF41-4334-84C2-CC2661B0F1A9}.Release|Any CPU.ActiveCfg = Release|Any CPU
		{AAC9EA1D-EF41-4334-84C2-CC2661B0F1A9}.Release|Any CPU.Build.0 = Release|Any CPU
		{857949A5-40B4-48F2-AB86-E81911F828D5}.Debug|Any CPU.ActiveCfg = Debug|Any CPU
		{857949A5-40B4-48F2-AB86-E81911F828D5}.Debug|Any CPU.Build.0 = Debug|Any CPU
		{857949A5-40B4-48F2-AB86-E81911F828D5}.Release|Any CPU.ActiveCfg = Release|Any CPU
		{857949A5-40B4-48F2-AB86-E81911F828D5}.Release|Any CPU.Build.0 = Release|Any CPU
		{24D3CAC9-130D-4F06-82BD-DFD0E577B00E}.Debug|Any CPU.ActiveCfg = Debug|Any CPU
		{24D3CAC9-130D-4F06-82BD-DFD0E577B00E}.Debug|Any CPU.Build.0 = Debug|Any CPU
		{24D3CAC9-130D-4F06-82BD-DFD0E577B00E}.Release|Any CPU.ActiveCfg = Release|Any CPU
		{24D3CAC9-130D-4F06-82BD-DFD0E577B00E}.Release|Any CPU.Build.0 = Release|Any CPU
		{B39B88A6-A5CD-4A84-8756-4F53E17F1432}.Debug|Any CPU.ActiveCfg = Debug|Any CPU
		{B39B88A6-A5CD-4A84-8756-4F53E17F1432}.Debug|Any CPU.Build.0 = Debug|Any CPU
		{B39B88A6-A5CD-4A84-8756-4F53E17F1432}.Release|Any CPU.ActiveCfg = Release|Any CPU
		{B39B88A6-A5CD-4A84-8756-4F53E17F1432}.Release|Any CPU.Build.0 = Release|Any CPU
		{B5799F9E-220D-472E-824F-38119CD9283B}.Debug|Any CPU.ActiveCfg = Debug|Any CPU
		{B5799F9E-220D-472E-824F-38119CD9283B}.Debug|Any CPU.Build.0 = Debug|Any CPU
		{B5799F9E-220D-472E-824F-38119CD9283B}.Release|Any CPU.ActiveCfg = Release|Any CPU
		{B5799F9E-220D-472E-824F-38119CD9283B}.Release|Any CPU.Build.0 = Release|Any CPU
		{0CA13F4A-6B52-4197-BD2D-EBB3AB9104E4}.Debug|Any CPU.ActiveCfg = Debug|Any CPU
		{0CA13F4A-6B52-4197-BD2D-EBB3AB9104E4}.Debug|Any CPU.Build.0 = Debug|Any CPU
		{0CA13F4A-6B52-4197-BD2D-EBB3AB9104E4}.Release|Any CPU.ActiveCfg = Release|Any CPU
		{0CA13F4A-6B52-4197-BD2D-EBB3AB9104E4}.Release|Any CPU.Build.0 = Release|Any CPU
		{1A6AAFF1-49A1-4DAC-AF34-3A434B8CB986}.Debug|Any CPU.ActiveCfg = Debug|Any CPU
		{1A6AAFF1-49A1-4DAC-AF34-3A434B8CB986}.Debug|Any CPU.Build.0 = Debug|Any CPU
		{1A6AAFF1-49A1-4DAC-AF34-3A434B8CB986}.Release|Any CPU.ActiveCfg = Release|Any CPU
		{1A6AAFF1-49A1-4DAC-AF34-3A434B8CB986}.Release|Any CPU.Build.0 = Release|Any CPU
		{6D439DB1-4737-44FF-9D33-C993DD042129}.Debug|Any CPU.ActiveCfg = Debug|Any CPU
		{6D439DB1-4737-44FF-9D33-C993DD042129}.Debug|Any CPU.Build.0 = Debug|Any CPU
		{6D439DB1-4737-44FF-9D33-C993DD042129}.Release|Any CPU.ActiveCfg = Release|Any CPU
		{6D439DB1-4737-44FF-9D33-C993DD042129}.Release|Any CPU.Build.0 = Release|Any CPU
		{C4AC0E0A-A2D7-49AE-8630-80D598E0B6EB}.Debug|Any CPU.ActiveCfg = Debug|Any CPU
		{C4AC0E0A-A2D7-49AE-8630-80D598E0B6EB}.Debug|Any CPU.Build.0 = Debug|Any CPU
		{C4AC0E0A-A2D7-49AE-8630-80D598E0B6EB}.Release|Any CPU.ActiveCfg = Release|Any CPU
		{C4AC0E0A-A2D7-49AE-8630-80D598E0B6EB}.Release|Any CPU.Build.0 = Release|Any CPU
		{C0C84E40-9B88-418F-87EB-5BE824276E2F}.Debug|Any CPU.ActiveCfg = Debug|Any CPU
		{C0C84E40-9B88-418F-87EB-5BE824276E2F}.Debug|Any CPU.Build.0 = Debug|Any CPU
		{C0C84E40-9B88-418F-87EB-5BE824276E2F}.Release|Any CPU.ActiveCfg = Release|Any CPU
		{C0C84E40-9B88-418F-87EB-5BE824276E2F}.Release|Any CPU.Build.0 = Release|Any CPU
		{BAF65FB1-1589-43BE-90A0-EAE29E48FE42}.Debug|Any CPU.ActiveCfg = Debug|Any CPU
		{BAF65FB1-1589-43BE-90A0-EAE29E48FE42}.Debug|Any CPU.Build.0 = Debug|Any CPU
		{BAF65FB1-1589-43BE-90A0-EAE29E48FE42}.Release|Any CPU.ActiveCfg = Release|Any CPU
		{BAF65FB1-1589-43BE-90A0-EAE29E48FE42}.Release|Any CPU.Build.0 = Release|Any CPU
		{BACD8A3D-BBAB-411C-BA9C-C58D428F8784}.Debug|Any CPU.ActiveCfg = Debug|Any CPU
		{BACD8A3D-BBAB-411C-BA9C-C58D428F8784}.Debug|Any CPU.Build.0 = Debug|Any CPU
		{BACD8A3D-BBAB-411C-BA9C-C58D428F8784}.Release|Any CPU.ActiveCfg = Release|Any CPU
		{BACD8A3D-BBAB-411C-BA9C-C58D428F8784}.Release|Any CPU.Build.0 = Release|Any CPU
		{EDB73A2A-0F2F-420F-AF94-F72FA83C2005}.Debug|Any CPU.ActiveCfg = Debug|Any CPU
		{EDB73A2A-0F2F-420F-AF94-F72FA83C2005}.Debug|Any CPU.Build.0 = Debug|Any CPU
		{EDB73A2A-0F2F-420F-AF94-F72FA83C2005}.Release|Any CPU.ActiveCfg = Release|Any CPU
		{EDB73A2A-0F2F-420F-AF94-F72FA83C2005}.Release|Any CPU.Build.0 = Release|Any CPU
	EndGlobalSection
	GlobalSection(SolutionProperties) = preSolution
		HideSolutionNode = FALSE
	EndGlobalSection
	GlobalSection(NestedProjects) = preSolution
		{CA705909-8E34-4BCE-BFFE-0F5F30435F45} = {34A522ED-66E3-4540-A851-96AFDCD2B6FC}
		{63658B73-8B23-40AA-BA5C-71CD6A0BDBBA} = {CA705909-8E34-4BCE-BFFE-0F5F30435F45}
		{D70EF1EF-BDE8-4FBF-B4BE-380B6784CFE7} = {CA705909-8E34-4BCE-BFFE-0F5F30435F45}
		{88550BF1-33CC-4AF0-AB45-E3D7F067A08E} = {34A522ED-66E3-4540-A851-96AFDCD2B6FC}
		{499078D0-6DDA-4F76-A2EF-877DC5545954} = {CA705909-8E34-4BCE-BFFE-0F5F30435F45}
		{7A42368D-F311-4C3B-B537-A8034C8495B9} = {CA705909-8E34-4BCE-BFFE-0F5F30435F45}
		{2439C09C-2CAF-4EF4-8E1F-AEAED5BBB5BD} = {CA705909-8E34-4BCE-BFFE-0F5F30435F45}
		{05804718-F6D7-4016-AA28-6F585F0208C3} = {CA705909-8E34-4BCE-BFFE-0F5F30435F45}
		{288C5C8B-90C0-44A0-B92F-DA5CA0FA8A7B} = {CA705909-8E34-4BCE-BFFE-0F5F30435F45}
		{DD3619E7-0F63-47E9-9925-890360073ECD} = {CA705909-8E34-4BCE-BFFE-0F5F30435F45}
		{92CFFFEA-AE6E-446B-A21D-4AAAC2216408} = {CA705909-8E34-4BCE-BFFE-0F5F30435F45}
		{6A5BB070-9FFA-40E5-8875-2A4370D868D8} = {CA705909-8E34-4BCE-BFFE-0F5F30435F45}
		{A8195DBD-9945-4719-AB7C-C546C356718D} = {CA705909-8E34-4BCE-BFFE-0F5F30435F45}
		{9359C465-20BF-4652-BC96-08D5B26CCA7E} = {34A522ED-66E3-4540-A851-96AFDCD2B6FC}
		{72AF3DEA-4502-4550-98BC-5A9D0EF8F113} = {9359C465-20BF-4652-BC96-08D5B26CCA7E}
		{EF1C89A5-B508-481B-ACD3-CD8DEAC6C72B} = {9359C465-20BF-4652-BC96-08D5B26CCA7E}
		{39DC1899-B4CD-4D87-A0FF-14C288B8F28C} = {9359C465-20BF-4652-BC96-08D5B26CCA7E}
		{A193FD3B-9958-4497-A59C-7424A5E10A18} = {9359C465-20BF-4652-BC96-08D5B26CCA7E}
		{3BC5CD02-1248-482D-A0D4-D3E80A9375A0} = {9359C465-20BF-4652-BC96-08D5B26CCA7E}
		{37EF21E0-8BF6-4C26-B6FA-03F9B774B593} = {9359C465-20BF-4652-BC96-08D5B26CCA7E}
		{5EEEA0E7-98A1-4611-834D-E163C4C11FB6} = {9359C465-20BF-4652-BC96-08D5B26CCA7E}
		{07CEC827-9BE6-44EE-99F3-1F0C2FCC76C6} = {9359C465-20BF-4652-BC96-08D5B26CCA7E}
		{5A06511F-8E10-4963-ADC5-AC5C463B11DF} = {9359C465-20BF-4652-BC96-08D5B26CCA7E}
		{3D529B7A-7C19-45E9-9291-8C2977E90BEB} = {9359C465-20BF-4652-BC96-08D5B26CCA7E}
		{A7FABA30-9838-48D0-A3E8-AA2A0792B7C2} = {9359C465-20BF-4652-BC96-08D5B26CCA7E}
		{D25CA909-63B2-450A-919D-F32652267CC1} = {9359C465-20BF-4652-BC96-08D5B26CCA7E}
		{082E194D-779F-4D28-8DFF-39EF1A90DEE2} = {9359C465-20BF-4652-BC96-08D5B26CCA7E}
		{3A833510-813B-4AFB-81A7-172D0A086EF9} = {9359C465-20BF-4652-BC96-08D5B26CCA7E}
		{9B4640A0-70A7-4BC7-B689-5E3D0EBFC3E2} = {9359C465-20BF-4652-BC96-08D5B26CCA7E}
		{0814D245-A491-43BE-A31B-A78E6A36F23E} = {9359C465-20BF-4652-BC96-08D5B26CCA7E}
		{77BD607A-C474-416B-8BCB-0053CB62EAE9} = {9359C465-20BF-4652-BC96-08D5B26CCA7E}
		{411C97E7-D900-498D-97D2-A2860F8D6D1D} = {9359C465-20BF-4652-BC96-08D5B26CCA7E}
		{3FB39A07-39C5-4210-88EA-523DE7E20335} = {34A522ED-66E3-4540-A851-96AFDCD2B6FC}
		{30C6451C-CE9E-4CEA-9B06-FEC74986EF4E} = {3FB39A07-39C5-4210-88EA-523DE7E20335}
		{8232BA2C-E30D-4B53-8B25-40D351373344} = {3FB39A07-39C5-4210-88EA-523DE7E20335}
		{F2378806-91FB-4CD2-9E6E-BC35BD8BCBD0} = {3FB39A07-39C5-4210-88EA-523DE7E20335}
		{9EE64ADE-09A0-42A1-ACC9-1C970AE35D82} = {3FB39A07-39C5-4210-88EA-523DE7E20335}
		{AAC9EA1D-EF41-4334-84C2-CC2661B0F1A9} = {3FB39A07-39C5-4210-88EA-523DE7E20335}
		{857949A5-40B4-48F2-AB86-E81911F828D5} = {3FB39A07-39C5-4210-88EA-523DE7E20335}
		{24D3CAC9-130D-4F06-82BD-DFD0E577B00E} = {3FB39A07-39C5-4210-88EA-523DE7E20335}
		{6A5DFD1D-5E95-4C9C-92EC-4143877DF015} = {34A522ED-66E3-4540-A851-96AFDCD2B6FC}
		{B39B88A6-A5CD-4A84-8756-4F53E17F1432} = {6A5DFD1D-5E95-4C9C-92EC-4143877DF015}
		{B5799F9E-220D-472E-824F-38119CD9283B} = {6A5DFD1D-5E95-4C9C-92EC-4143877DF015}
		{0CA13F4A-6B52-4197-BD2D-EBB3AB9104E4} = {6A5DFD1D-5E95-4C9C-92EC-4143877DF015}
		{1A6AAFF1-49A1-4DAC-AF34-3A434B8CB986} = {6A5DFD1D-5E95-4C9C-92EC-4143877DF015}
		{43077E4A-F78E-44F5-AA9E-BC595E482E59} = {34A522ED-66E3-4540-A851-96AFDCD2B6FC}
		{6D439DB1-4737-44FF-9D33-C993DD042129} = {43077E4A-F78E-44F5-AA9E-BC595E482E59}
		{C4AC0E0A-A2D7-49AE-8630-80D598E0B6EB} = {43077E4A-F78E-44F5-AA9E-BC595E482E59}
		{C0C84E40-9B88-418F-87EB-5BE824276E2F} = {43077E4A-F78E-44F5-AA9E-BC595E482E59}
		{BAF65FB1-1589-43BE-90A0-EAE29E48FE42} = {43077E4A-F78E-44F5-AA9E-BC595E482E59}
		{BACD8A3D-BBAB-411C-BA9C-C58D428F8784} = {43077E4A-F78E-44F5-AA9E-BC595E482E59}
		{EDB73A2A-0F2F-420F-AF94-F72FA83C2005} = {43077E4A-F78E-44F5-AA9E-BC595E482E59}
	EndGlobalSection
	GlobalSection(ExtensibilityGlobals) = postSolution
		SolutionGuid = {2BB20FC2-F569-43F1-A2ED-1EDE6A62F22D}
	EndGlobalSection
EndGlobal
