
Microsoft Visual Studio Solution File, Format Version 12.00
# Visual Studio Version 16
VisualStudioVersion = 16.0.30011.22
MinimumVisualStudioVersion = 10.0.40219.1
Project("{9A19103F-16F7-4668-BE54-9A1E7A4F7556}") = "Prvi", "Prvi.csproj", "{96CE2423-FE01-49A6-9271-409115491869}"
EndProject
Project("{2150E333-8FDC-42A3-9474-1A3956D46DE8}") = "alg-01-osnove", "alg-01-osnove", "{CA705909-8E34-4BCE-BFFE-0F5F30435F45}"
EndProject
Project("{FAE04EC0-301F-11D3-BF4B-00C04F79EFBC}") = "drugi", "..\drugi\drugi.csproj", "{ABC187DB-162A-408A-A52B-88FA731B180B}"
EndProject
Global
	GlobalSection(SolutionConfigurationPlatforms) = preSolution
		Debug|Any CPU = Debug|Any CPU
		Release|Any CPU = Release|Any CPU
		Description = Projekt osnove C#
	EndGlobalSection
	GlobalSection(ProjectConfigurationPlatforms) = postSolution
		{96CE2423-FE01-49A6-9271-409115491869}.Debug|Any CPU.ActiveCfg = Debug|Any CPU
		{96CE2423-FE01-49A6-9271-409115491869}.Debug|Any CPU.Build.0 = Debug|Any CPU
		{96CE2423-FE01-49A6-9271-409115491869}.Release|Any CPU.ActiveCfg = Release|Any CPU
		{96CE2423-FE01-49A6-9271-409115491869}.Release|Any CPU.Build.0 = Release|Any CPU
		{ABC187DB-162A-408A-A52B-88FA731B180B}.Debug|Any CPU.ActiveCfg = Debug|Any CPU
		{ABC187DB-162A-408A-A52B-88FA731B180B}.Debug|Any CPU.Build.0 = Debug|Any CPU
		{ABC187DB-162A-408A-A52B-88FA731B180B}.Release|Any CPU.ActiveCfg = Release|Any CPU
		{ABC187DB-162A-408A-A52B-88FA731B180B}.Release|Any CPU.Build.0 = Release|Any CPU
	EndGlobalSection
	GlobalSection(SolutionProperties) = preSolution
		HideSolutionNode = FALSE
	EndGlobalSection
	GlobalSection(NestedProjects) = preSolution
		{96CE2423-FE01-49A6-9271-409115491869} = {CA705909-8E34-4BCE-BFFE-0F5F30435F45}
		{ABC187DB-162A-408A-A52B-88FA731B180B} = {CA705909-8E34-4BCE-BFFE-0F5F30435F45}
	EndGlobalSection
	GlobalSection(ExtensibilityGlobals) = postSolution
		SolutionGuid = {2BB20FC2-F569-43F1-A2ED-1EDE6A62F22D}
	EndGlobalSection
EndGlobal
